
Microsoft Visual Studio Solution File, Format Version 12.00
# Visual Studio Version 17
VisualStudioVersion = 17.8.34330.188
MinimumVisualStudioVersion = 10.0.40219.1
Project("{9A19103F-16F7-4668-BE54-9A1E7A4F7556}") = "Cafe-Management-System", "Cafe-Management-System.csproj", "{CDA4FAE2-130D-4B63-B2BD-9B22EA597E89}"
EndProject
Global
	GlobalSection(SolutionConfigurationPlatforms) = preSolution
		Debug|Any CPU = Debug|Any CPU
		Release|Any CPU = Release|Any CPU
	EndGlobalSection
	GlobalSection(ProjectConfigurationPlatforms) = postSolution
		{CDA4FAE2-130D-4B63-B2BD-9B22EA597E89}.Debug|Any CPU.ActiveCfg = Debug|Any CPU
		{CDA4FAE2-130D-4B63-B2BD-9B22EA597E89}.Debug|Any CPU.Build.0 = Debug|Any CPU
		{CDA4FAE2-130D-4B63-B2BD-9B22EA597E89}.Release|Any CPU.ActiveCfg = Release|Any CPU
		{CDA4FAE2-130D-4B63-B2BD-9B22EA597E89}.Release|Any CPU.Build.0 = Release|Any CPU
	EndGlobalSection
	GlobalSection(SolutionProperties) = preSolution
		HideSolutionNode = FALSE
	EndGlobalSection
	GlobalSection(ExtensibilityGlobals) = postSolution
		SolutionGuid = {83475A65-9032-42D0-9D07-8672FF21A1EC}
	EndGlobalSection
EndGlobal
